<?xml version="1.0" encoding="utf-8"?>
<Project ToolsVersion="4.0" xmlns="http://schemas.microsoft.com/developer/msbuild/2003">
  <ItemGroup>
    <ClCompile Include="DllMain.cpp" />
    <ClCompile Include="Entry\Entry.cpp" />
    <ClCompile Include="Util\Pattern\Pattern.cpp" />
    <ClCompile Include="Util\Offsets\Offsets.cpp" />
    <ClCompile Include="SDK\NetVarManager\NetVarManager.cpp" />
    <ClCompile Include="SDK\Interfaces\Interfaces.cpp" />
    <ClCompile Include="Hooks\Hooks.cpp" />
    <ClCompile Include="Features\Vars.cpp" />
    <ClCompile Include="Util\VFunc\VFunc.cpp" />
    <ClCompile Include="Util\Hook\MinHook\buffer.c" />
    <ClCompile Include="Util\Hook\MinHook\hook.c" />
    <ClCompile Include="Util\Hook\MinHook\trampoline.c" />
    <ClCompile Include="Util\Hook\MinHook\hde\hde32.c" />
    <ClCompile Include="Util\Hook\MinHook\hde\hde64.c" />
    <ClCompile Include="SDK\hl2_src\tier0\fasttimer.cpp" />
    <ClCompile Include="SDK\hl2_src\tier0\platform.cpp" />
    <ClCompile Include="SDK\hl2_src\tier0\cpu.cpp" />
    <ClCompile Include="SDK\hl2_src\tier0\cpu_usage.cpp" />
    <ClCompile Include="SDK\hl2_src\tier0\cpumonitoring.cpp" />
    <ClCompile Include="SDK\hl2_src\tier0\security.cpp" />
    <ClCompile Include="SDK\hl2_src\tier0\systeminformation.cpp" />
    <ClCompile Include="SDK\hl2_src\mathlib\vmatrix.cpp" />
    <ClCompile Include="SDK\hl2_src\mathlib\vector.cpp" />
    <ClCompile Include="SDK\hl2_src\mathlib\powsse.cpp" />
    <ClCompile Include="SDK\hl2_src\mathlib\randsse.cpp" />
    <ClCompile Include="SDK\hl2_src\mathlib\simdvectormatrix.cpp" />
    <ClCompile Include="SDK\hl2_src\mathlib\sparse_convolution_noise.cpp" />
    <ClCompile Include="SDK\hl2_src\mathlib\sse.cpp" />
    <ClCompile Include="SDK\hl2_src\mathlib\sseconst.cpp" />
    <ClCompile Include="SDK\hl2_src\mathlib\ssenoise.cpp" />
    <ClCompile Include="SDK\hl2_src\mathlib\mathlib_base.cpp" />
    <ClCompile Include="SDK\hl2_src\mathlib\3dnow.cpp" />
    <ClCompile Include="SDK\hl2_src\mathlib\lightdesc.cpp" />
    <ClCompile Include="SDK\hl2_src\mathlib\IceKey.cpp" />
    <ClCompile Include="SDK\hl2_src\mathlib\bumbvects.cpp" />
    <ClCompile Include="SDK\hl2_src\mathlib\halton.cpp" />
    <ClCompile Include="SDK\hl2_src\mathlib\color_conversion.cpp" />
    <ClCompile Include="SDK\hl2_src\mathlib\polyhedron.cpp" />
    <ClCompile Include="SDK\hl2_src\mathlib\anorms.cpp" />
    <ClCompile Include="SDK\hl2_src\tier1\bitbuf.cpp" />
    <ClCompile Include="SDK\hl2_src\tier1\strtools.cpp" />
    <ClCompile Include="SDK\hl2_src\tier1\byteswap.cpp" />
    <ClCompile Include="SDK\hl2_src\tier1\utlbuffer.cpp" />
    <ClCompile Include="SDK\hl2_src\tier1\characterset.cpp" />
    <ClCompile Include="SDK\hl2_src\tier1\utlbinaryblock.cpp" />
    <ClCompile Include="SDK\hl2_src\tier1\splitstring.cpp" />
    <ClCompile Include="SDK\hl2_src\tier1\utlstring.cpp" />
    <ClCompile Include="SDK\hl2_src\tier1\utlbufferutil.cpp" />
    <ClCompile Include="SDK\hl2_src\tier1\generichash.cpp" />
    <ClCompile Include="SDK\hl2_src\tier0\threadtools.cpp" />
    <ClCompile Include="SDK\hl2_src\tier0\dynfunction.cpp" />
    <ClCompile Include="SDK\hl2_src\tier1\stringpool.cpp" />
    <ClCompile Include="SDK\hl2_src\tier1\utlsymbol.cpp" />
    <ClCompile Include="SDK\hl2_src\tier1\strtools_unicode.cpp" />
    <ClCompile Include="SDK\hl2_src\tier1\checksum_crc.cpp" />
    <ClCompile Include="SDK\hl2_src\tier1\checksum_md5.cpp" />
    <ClCompile Include="SDK\hl2_src\tier1\checksum_sha1.cpp" />
    <ClCompile Include="SDK\hl2_src\tier1\interface.cpp" />
    <ClCompile Include="SDK\hl2_src\tier1\newbitbuf.cpp" />
    <ClCompile Include="SDK\hl2_src\bitmap\imageformat.cpp" />
    <ClCompile Include="SDK\hl2_src\public\studio.cpp" />
    <ClCompile Include="SDK\hl2_src\tier1\convar.cpp" />
    <ClCompile Include="SDK\hl2_src\public\materialsystem\MaterialSystemUtil.cpp" />
    <ClCompile Include="SDK\hl2_src\public\tools\bonelist.cpp" />
    <ClCompile Include="SDK\hl2_src\public\toolframework\toolframework.cpp" />
    <ClCompile Include="SDK\hl2_src\tier2\camerautils.cpp" />
    <ClCompile Include="SDK\hl2_src\tier2\keyvaluesmacros.cpp" />
    <ClCompile Include="SDK\hl2_src\tier2\meshutils.cpp" />
    <ClCompile Include="SDK\hl2_src\tier2\vconfig.cpp" />
    <ClCompile Include="SDK\hl2_src\bitmap\bitmap.cpp" />
    <ClCompile Include="SDK\hl2_src\public\vallocator.cpp" />
    <ClCompile Include="SDK\hl2_src\public\UnicodeFileHelpers.cpp" />
    <ClCompile Include="SDK\hl2_src\public\studio_virtualmodel.cpp" />
    <ClCompile Include="SDK\hl2_src\public\studio_generic_io.cpp" />
    <ClCompile Include="SDK\hl2_src\public\stringregistry.cpp" />
    <ClCompile Include="SDK\hl2_src\public\simple_physics.cpp" />
    <ClCompile Include="SDK\hl2_src\public\phonemeconverter.cpp" />
    <ClCompile Include="SDK\hl2_src\public\map_utils.cpp" />
    <ClCompile Include="SDK\hl2_src\public\interpolatortypes.cpp" />
    <ClCompile Include="SDK\hl2_src\public\dt_utlvector_common.cpp" />
    <ClCompile Include="SDK\hl2_src\public\dt_recv.cpp" />
    <ClCompile Include="SDK\hl2_src\public\collisionutils.cpp" />
    <ClCompile Include="SDK\hl2_src\public\client_class.cpp" />
    <ClCompile Include="SDK\hl2_src\public\bone_setup.cpp" />
    <ClCompile Include="SDK\hl2_src\tier1\datamanager.cpp" />
    <ClCompile Include="SDK\hl2_src\public\bone_accessor.cpp" />
    <ClCompile Include="SDK\hl2_src\game\shared\usercmd.cpp" />
    <ClCompile Include="SDK\hl2_src\game\client\tf\c_tf_mvm_boss_progress_user.cpp" />
    <ClCompile Include="SDK\hl2_src\game\client\tf\c_baseobject.cpp" />
    <ClCompile Include="SDK\hl2_src\game\shared\tf\tf_shareddefs.cpp" />
    <ClCompile Include="SDK\hl2_src\game\client\tf\c_func_capture_zone.cpp" />
    <ClCompile Include="SDK\hl2_src\game\shared\util_shared.cpp" />
    <ClCompile Include="SDK\hl2_src\common\GameUI\Random.cpp" />
    <ClCompile Include="SDK\hl2_src\common\info_key.cpp" />
    <ClCompile Include="SDK\hl2_src\common\IVguiModule.h" />
    <ClCompile Include="SDK\ConVars\ConVars.cpp" />
    <ClCompile Include="Hooks\Client\Client.cpp" />
    <ClCompile Include="Hooks\ClientMode\ClientMode.cpp" />
    <ClCompile Include="Hooks\ClientPrediction\ClientPrediction.cpp" />
    <ClCompile Include="Hooks\EngineVGui\EngineVGui.cpp" />
    <ClCompile Include="Features\ESP\ESP.cpp" />
    <ClCompile Include="SDK\hl2_src\game\client\cdll_util.cpp" />
    <ClCompile Include="SDK\hl2_src\game\client\view_scene.cpp" />
    <ClCompile Include="SDK\hl2_src\mathlib\camera.cpp" />
    <ClCompile Include="Features\Misc\Misc.cpp" />
    <ClCompile Include="SDK\SDK.cpp" />
    <ClCompile Include="Features\Prediction\Prediction.cpp" />
    <ClCompile Include="Hooks\ClientEntityList\ClientEntityList.cpp" />
    <ClCompile Include="SDK\DrawManager\DrawManager.cpp" />
    <ClCompile Include="SDK\hl2_src\game\shared\tf\tf_weaponbase.cpp" />
    <ClCompile Include="Hooks\VGuiPanel\VGuiPanel.cpp" />
    <ClCompile Include="Hooks\EngineClient\EngineClient.cpp" />
    <ClCompile Include="Hooks\SequenceTransitioner\SequenceTransitioner.cpp" />
    <ClCompile Include="Hooks\WndProc\WndProc.cpp" />
    <ClCompile Include="SDK\hl2_src\tier1\KeyValues.cpp" />
    <ClCompile Include="SDK\hl2_src\game\client\glow_outline_effect.cpp" />
    <ClCompile Include="Hooks\ViewRender\ViewRender.cpp" />
    <ClCompile Include="Hooks\ModelRender\ModelRender.cpp" />
    <ClCompile Include="Hooks\CL_Main\CL_Main.cpp" />
    <ClCompile Include="Hooks\Input\HInput.cpp" />
    <ClCompile Include="SDK\hl2_src\common\netmessages.cpp" />
    <ClCompile Include="Hooks\NetChannel\NetChannel.cpp" />
    <ClCompile Include="SDK\hl2_src\game\client\tf\c_tf_player.cpp" />
    <ClCompile Include="Hooks\TFWeaponBase\TFWeaponBase.cpp" />
    <ClCompile Include="Hooks\TFPlayer\TFPlayer.cpp" />
    <ClCompile Include="Hooks\BaseEntity\BaseEntity.cpp" />
    <ClCompile Include="Hooks\BasePlayer\BasePlayer.cpp" />
  </ItemGroup>
  <ItemGroup>
    <ClInclude Include="Entry\Entry.h" />
    <ClInclude Include="Util\Util.h" />
    <ClInclude Include="Util\Pattern\Pattern.h" />
    <ClInclude Include="Util\Offsets\Offsets.h" />
    <ClInclude Include="SDK\NetVarManager\NetVarManager.h" />
    <ClInclude Include="SDK\Interfaces\Interfaces.h" />
    <ClInclude Include="Hooks\Hooks.h" />
    <ClInclude Include="Features\Vars.h" />
    <ClInclude Include="Util\VFunc\VFunc.h" />
    <ClInclude Include="Util\Hook\Hook.h" />
    <ClInclude Include="Util\Hook\MinHook\buffer.h" />
    <ClInclude Include="Util\Hook\MinHook\MinHook.h" />
    <ClInclude Include="Util\Hook\MinHook\trampoline.h" />
    <ClInclude Include="Util\Hook\MinHook\hde\hde32.h" />
    <ClInclude Include="Util\Hook\MinHook\hde\hde64.h" />
    <ClInclude Include="Util\Hook\MinHook\hde\pstdint.h" />
    <ClInclude Include="Util\Hook\MinHook\hde\table32.h" />
    <ClInclude Include="Util\Hook\MinHook\hde\table64.h" />
    <ClInclude Include="SDK\hl2_src\hl2_src.h" />
    <ClInclude Include="SDK\hl2_src\public\tier0\annotations.h" />
    <ClInclude Include="SDK\hl2_src\public\tier0\valve_on.h" />
    <ClInclude Include="SDK\hl2_src\public\tier0\valve_off.h" />
    <ClInclude Include="SDK\hl2_src\public\tier0\wchartypes.h" />
    <ClInclude Include="SDK\hl2_src\public\tier0\commonmacros.h" />
    <ClInclude Include="SDK\hl2_src\public\tier0\protected_things.h" />
    <ClInclude Include="SDK\hl2_src\public\tier0\basetypes.h" />
    <ClInclude Include="SDK\hl2_src\public\tier0\xbox_codeline_defines.h" />
    <ClInclude Include="SDK\hl2_src\public\tier0\valve_minmax_on.h" />
    <ClInclude Include="SDK\hl2_src\public\tier0\valve_minmax_off.h" />
    <ClInclude Include="SDK\hl2_src\public\tier0\platform.h" />
    <ClInclude Include="SDK\hl2_src\public\tier0\fasttimer.h" />
    <ClInclude Include="SDK\hl2_src\public\tier0\type_traits.h" />
    <ClInclude Include="SDK\hl2_src\public\tier0\tmapi_dummy.h" />
    <ClInclude Include="SDK\hl2_src\public\tier0\vprof_telemetry.h" />
    <ClInclude Include="SDK\hl2_src\public\tier0\vprof.h" />
    <ClInclude Include="SDK\hl2_src\public\tier0\vcrmode.h" />
    <ClInclude Include="SDK\hl2_src\public\tier0\vcr_shared.h" />
    <ClInclude Include="SDK\hl2_src\public\tier0\memalloc.h" />
    <ClInclude Include="SDK\hl2_src\public\tier0\cpumonitoring.h" />
    <ClInclude Include="SDK\hl2_src\public\mathlib\math_pfns.h" />
    <ClInclude Include="SDK\hl2_src\public\mathlib\vector2d.h" />
    <ClInclude Include="SDK\hl2_src\public\mathlib\vector.h" />
    <ClInclude Include="SDK\hl2_src\public\mathlib\vector4d.h" />
    <ClInclude Include="SDK\hl2_src\public\mathlib\mathlib.h" />
    <ClInclude Include="SDK\hl2_src\public\mathlib\matrixmath.h" />
    <ClInclude Include="SDK\hl2_src\public\mathlib\noise.h" />
    <ClInclude Include="SDK\hl2_src\public\mathlib\polyhedron.h" />
    <ClInclude Include="SDK\hl2_src\public\mathlib\simdvectormatrix.h" />
    <ClInclude Include="SDK\hl2_src\public\mathlib\ssemath.h" />
    <ClInclude Include="SDK\hl2_src\public\mathlib\vplane.h" />
    <ClInclude Include="SDK\hl2_src\public\mathlib\vmatrix.h" />
    <ClInclude Include="SDK\hl2_src\mathlib\noisedata.h" />
    <ClInclude Include="SDK\hl2_src\mathlib\sse.h" />
    <ClInclude Include="SDK\hl2_src\public\mathlib\ssequaternion.h" />
    <ClInclude Include="SDK\hl2_src\public\mathlib\amd3dx.h" />
    <ClInclude Include="SDK\hl2_src\mathlib\3dnow.h" />
    <ClInclude Include="SDK\hl2_src\public\mathlib\lightdesc.h" />
    <ClInclude Include="SDK\hl2_src\public\mathlib\IceKey.h" />
    <ClInclude Include="SDK\hl2_src\public\mathlib\bumbvects.h" />
    <ClInclude Include="SDK\hl2_src\public\mathlib\compressed_vector.h" />
    <ClInclude Include="SDK\hl2_src\public\mathlib\halton.h" />
    <ClInclude Include="SDK\hl2_src\public\mathlib\anorms.h" />
    <ClInclude Include="SDK\hl2_src\public\tier1\bitbuf.h" />
    <ClInclude Include="SDK\hl2_src\public\bitvec.h" />
    <ClInclude Include="SDK\hl2_src\public\coordsize.h" />
    <ClInclude Include="SDK\hl2_src\public\worldsize.h" />
    <ClInclude Include="SDK\hl2_src\public\tier1\strtools.h" />
    <ClInclude Include="SDK\hl2_src\public\tier1\fmtstr.h" />
    <ClInclude Include="SDK\hl2_src\public\tier1\utlmemory.h" />
    <ClInclude Include="SDK\hl2_src\public\tier1\utlflags.h" />
    <ClInclude Include="SDK\hl2_src\public\datamap.h" />
    <ClInclude Include="SDK\hl2_src\public\tier1\utlvector.h" />
    <ClInclude Include="SDK\hl2_src\public\tier1\byteswap.h" />
    <ClInclude Include="SDK\hl2_src\public\tier1\utlbuffer.h" />
    <ClInclude Include="SDK\hl2_src\public\tier1\characterset.h" />
    <ClInclude Include="SDK\hl2_src\public\tier0\dbg.h" />
    <ClInclude Include="SDK\hl2_src\public\tier1\utlblockmemory.h" />
    <ClInclude Include="SDK\hl2_src\public\tier1\utlbinaryblock.h" />
    <ClInclude Include="SDK\hl2_src\public\tier1\utlstring.h" />
    <ClInclude Include="SDK\hl2_src\public\tier1\utlfixedmemory.h" />
    <ClInclude Include="SDK\hl2_src\public\tier1\utlbufferutil.h" />
    <ClInclude Include="SDK\hl2_src\public\Color.h" />
    <ClInclude Include="SDK\hl2_src\public\tier1\utlrbtree.h" />
    <ClInclude Include="SDK\hl2_src\public\tier1\utlmap.h" />
    <ClInclude Include="SDK\hl2_src\public\tier1\utlmovingaverage.h" />
    <ClInclude Include="SDK\hl2_src\public\tier1\utllinkedlist.h" />
    <ClInclude Include="SDK\hl2_src\public\tier1\generichash.h" />
    <ClInclude Include="SDK\hl2_src\public\tier1\utlhash.h" />
    <ClInclude Include="SDK\hl2_src\public\tier1\utlsymbol.h" />
    <ClInclude Include="SDK\hl2_src\public\tier0\threadtools.h" />
    <ClInclude Include="SDK\hl2_src\public\tier0\dynfunction.h" />
    <ClInclude Include="SDK\hl2_src\public\tier1\stringpool.h" />
    <ClInclude Include="SDK\hl2_src\public\tier1\utlcommon.h" />
    <ClInclude Include="SDK\hl2_src\public\tier1\utlhashtable.h" />
    <ClInclude Include="SDK\hl2_src\public\tier1\checksum_crc.h" />
    <ClInclude Include="SDK\hl2_src\public\tier1\checksum_md5.h" />
    <ClInclude Include="SDK\hl2_src\public\tier1\checksum_sha1.h" />
    <ClInclude Include="SDK\hl2_src\public\appframework\IAppSystem.h" />
    <ClInclude Include="SDK\hl2_src\public\tier1\interface.h" />
    <ClInclude Include="SDK\hl2_src\public\tier1\refcount.h" />
    <ClInclude Include="SDK\hl2_src\public\bitmap\imageformat.h" />
    <ClInclude Include="SDK\hl2_src\public\datacache\idatacache.h" />
    <ClInclude Include="SDK\hl2_src\public\datacache\imdlcache.h" />
    <ClInclude Include="SDK\hl2_src\public\demofile\demoformat.h" />
    <ClInclude Include="SDK\hl2_src\public\engine\http.h" />
    <ClInclude Include="SDK\hl2_src\public\client_render_handle.h" />
    <ClInclude Include="SDK\hl2_src\public\engine\IClientLeafSystem.h" />
    <ClInclude Include="SDK\hl2_src\public\engine\ICollideable.h" />
    <ClInclude Include="SDK\hl2_src\public\soundflags.h" />
    <ClInclude Include="SDK\hl2_src\public\irecipientfilter.h" />
    <ClInclude Include="SDK\hl2_src\public\engine\SndInfo.h" />
    <ClInclude Include="SDK\hl2_src\public\engine\IEngineSound.h" />
    <ClInclude Include="SDK\hl2_src\public\const.h" />
    <ClInclude Include="SDK\hl2_src\public\basehandle.h" />
    <ClInclude Include="SDK\hl2_src\public\engine\IEngineTrace.h" />
    <ClInclude Include="SDK\hl2_src\public\engine\ishadowmgr.h" />
    <ClInclude Include="SDK\hl2_src\public\engine\IStaticPropMgr.h" />
    <ClInclude Include="SDK\hl2_src\public\engine\ivdebugoverlay.h" />
    <ClInclude Include="SDK\hl2_src\public\engine\ivmodelinfo.h" />
    <ClInclude Include="SDK\hl2_src\public\engine\view_sharedv1.h" />
    <ClInclude Include="SDK\hl2_src\public\input\mousecursors.h" />
    <ClInclude Include="SDK\hl2_src\public\inputsystem\InputEnums.h" />
    <ClInclude Include="SDK\hl2_src\public\inputsystem\AnalogCode.h" />
    <ClInclude Include="SDK\hl2_src\public\inputsystem\ButtonCode.h" />
    <ClInclude Include="SDK\hl2_src\public\inputsystem\iinputsystem.h" />
    <ClInclude Include="SDK\hl2_src\public\ihandleentity.h" />
    <ClInclude Include="SDK\hl2_src\public\localflexcontroller.h" />
    <ClInclude Include="SDK\hl2_src\public\studio.h" />
    <ClInclude Include="SDK\hl2_src\public\tier1\iconvar.h" />
    <ClInclude Include="SDK\hl2_src\public\icvar.h" />
    <ClInclude Include="SDK\hl2_src\public\tier1\convar.h" />
    <ClInclude Include="SDK\hl2_src\public\tier1\convar_serverbounded.h" />
    <ClInclude Include="SDK\hl2_src\public\istudiorender.h" />
    <ClInclude Include="SDK\hl2_src\public\materialsystem\imaterialsystemhardwareconfig.h" />
    <ClInclude Include="SDK\hl2_src\public\materialsystem\deformations.h" />
    <ClInclude Include="SDK\hl2_src\public\materialsystem\IColorCorrection.h" />
    <ClInclude Include="SDK\hl2_src\public\materialsystem\itexture.h" />
    <ClInclude Include="SDK\hl2_src\public\materialsystem\imaterialsystem.h" />
    <ClInclude Include="SDK\hl2_src\public\texture_group_names.h" />
    <ClInclude Include="SDK\hl2_src\public\vtf\vtf.h" />
    <ClInclude Include="SDK\hl2_src\public\materialsystem\imaterial.h" />
    <ClInclude Include="SDK\hl2_src\public\materialsystem\MaterialSystemUtil.h" />
    <ClInclude Include="SDK\hl2_src\public\materialsystem\itexturecompositor.h" />
    <ClInclude Include="SDK\hl2_src\public\materialsystem\materialsystem_config.h" />
    <ClInclude Include="SDK\hl2_src\public\materialsystem\ishadersystem_declarations.h" />
    <ClInclude Include="SDK\hl2_src\public\materialsystem\ishaderapi.h" />
    <ClInclude Include="SDK\hl2_src\public\materialsystem\IShader.h" />
    <ClInclude Include="SDK\hl2_src\public\materialsystem\imorph.h" />
    <ClInclude Include="SDK\hl2_src\public\materialsystem\imaterialvar.h" />
    <ClInclude Include="SDK\hl2_src\materialsystem\imaterialinternal.h" />
    <ClInclude Include="SDK\hl2_src\materialsystem\itextureinternal.h" />
    <ClInclude Include="SDK\hl2_src\public\engine\ivmodelrender.h" />
    <ClInclude Include="SDK\hl2_src\public\iclientrenderable.h" />
    <ClInclude Include="SDK\hl2_src\public\iclientunknown.h" />
    <ClInclude Include="SDK\hl2_src\public\iclientthinkable.h" />
    <ClInclude Include="SDK\hl2_src\public\iclientnetworkable.h" />
    <ClInclude Include="SDK\hl2_src\public\icliententitylist.h" />
    <ClInclude Include="SDK\hl2_src\public\icliententity.h" />
    <ClInclude Include="SDK\hl2_src\public\idedicatedexports.h" />
    <ClInclude Include="SDK\hl2_src\public\iefx.h" />
    <ClInclude Include="SDK\hl2_src\public\ienginevgui.h" />
    <ClInclude Include="SDK\hl2_src\public\vgui\VGUI.h" />
    <ClInclude Include="SDK\hl2_src\public\vgui\Point.h" />
    <ClInclude Include="SDK\hl2_src\public\vgui\MouseCode.h" />
    <ClInclude Include="SDK\hl2_src\public\vgui\keyrepeat.h" />
    <ClInclude Include="SDK\hl2_src\public\vgui\KeyCode.h" />
    <ClInclude Include="SDK\hl2_src\public\vgui\IVguiMatInfoVar.h" />
    <ClInclude Include="SDK\hl2_src\public\vgui\IVguiMatInfo.h" />
    <ClInclude Include="SDK\hl2_src\public\vgui\IVGui.h" />
    <ClInclude Include="SDK\hl2_src\public\vgui\ISystem.h" />
    <ClInclude Include="SDK\hl2_src\public\vgui\Cursor.h" />
    <ClInclude Include="SDK\hl2_src\public\vgui\Dar.h" />
    <ClInclude Include="SDK\hl2_src\public\vgui\IBorder.h" />
    <ClInclude Include="SDK\hl2_src\public\vgui\IClientPanel.h" />
    <ClInclude Include="SDK\hl2_src\public\vgui\IImage.h" />
    <ClInclude Include="SDK\hl2_src\public\vgui\IInput.h" />
    <ClInclude Include="SDK\hl2_src\public\vgui\IInputInternal.h" />
    <ClInclude Include="SDK\hl2_src\public\vgui\ipainthtml.h" />
    <ClInclude Include="SDK\hl2_src\public\vgui\IPanel.h" />
    <ClInclude Include="SDK\hl2_src\public\vgui\IScheme.h" />
    <ClInclude Include="SDK\hl2_src\public\vgui\ISurface.h" />
    <ClInclude Include="SDK\hl2_src\public\vgui\IHTML.h" />
    <ClInclude Include="SDK\hl2_src\public\VGuiMatSurface\IMatSystemSurface.h" />
    <ClInclude Include="SDK\hl2_src\public\unicode\unicode.h" />
    <ClInclude Include="SDK\hl2_src\public\tools\bonelist.h" />
    <ClInclude Include="SDK\hl2_src\public\toolframework\itoolentity.h" />
    <ClInclude Include="SDK\hl2_src\public\toolframework\iclientenginetools.h" />
    <ClInclude Include="SDK\hl2_src\public\toolframework\ienginetool.h" />
    <ClInclude Include="SDK\hl2_src\public\ispatialpartition.h" />
    <ClInclude Include="SDK\hl2_src\public\toolframework\itooldictionary.h" />
    <ClInclude Include="SDK\hl2_src\public\toolframework\itoolframework.h" />
    <ClInclude Include="SDK\hl2_src\public\toolframework\itoolsystem.h" />
    <ClInclude Include="SDK\hl2_src\public\tier2\camerautils.h" />
    <ClInclude Include="SDK\hl2_src\public\tier2\keyvaluesmacros.h" />
    <ClInclude Include="SDK\hl2_src\public\tier2\meshutils.h" />
    <ClInclude Include="SDK\hl2_src\public\tier2\vconfig.h" />
    <ClInclude Include="SDK\hl2_src\public\shaderlib\BaseShader.h" />
    <ClInclude Include="SDK\hl2_src\public\engine\imatchmaking.h" />
    <ClInclude Include="SDK\hl2_src\common\xbox\xboxstubs.h" />
    <ClInclude Include="SDK\hl2_src\public\bitmap\cubemap.h" />
    <ClInclude Include="SDK\hl2_src\public\bitmap\bitmap.h" />
    <ClInclude Include="SDK\hl2_src\public\view_shared.h" />
    <ClInclude Include="SDK\hl2_src\public\vcollide.h" />
    <ClInclude Include="SDK\hl2_src\public\vphysics_interface.h" />
    <ClInclude Include="SDK\hl2_src\public\vcollide_parse.h" />
    <ClInclude Include="SDK\hl2_src\public\vallocator.h" />
    <ClInclude Include="SDK\hl2_src\public\UnicodeFileHelpers.h" />
    <ClInclude Include="SDK\hl2_src\public\trace.h" />
    <ClInclude Include="SDK\hl2_src\public\surfinfo.h" />
    <ClInclude Include="SDK\hl2_src\public\tier1\utldict.h" />
    <ClInclude Include="SDK\hl2_src\public\stringregistry.h" />
    <ClInclude Include="SDK\hl2_src\public\string_t.h" />
    <ClInclude Include="SDK\hl2_src\public\soundinfo.h" />
    <ClInclude Include="SDK\hl2_src\public\soundchars.h" />
    <ClInclude Include="SDK\hl2_src\public\smooth_average.h" />
    <ClInclude Include="SDK\hl2_src\public\simple_physics.h" />
    <ClInclude Include="SDK\hl2_src\public\shattersurfacetypes.h" />
    <ClInclude Include="SDK\hl2_src\public\shake.h" />
    <ClInclude Include="SDK\hl2_src\public\renderparm.h" />
    <ClInclude Include="SDK\hl2_src\public\r_efx.h" />
    <ClInclude Include="SDK\hl2_src\public\PlayerState.h" />
    <ClInclude Include="SDK\hl2_src\public\phyfile.h" />
    <ClInclude Include="SDK\hl2_src\public\phonemeconverter.h" />
    <ClInclude Include="SDK\hl2_src\public\overlaytext.h" />
    <ClInclude Include="SDK\hl2_src\public\OfflineMode.h" />
    <ClInclude Include="SDK\hl2_src\public\mouthinfo.h" />
    <ClInclude Include="SDK\hl2_src\public\modes.h" />
    <ClInclude Include="SDK\hl2_src\public\model_types.h" />
    <ClInclude Include="SDK\hl2_src\public\map_utils.h" />
    <ClInclude Include="SDK\hl2_src\public\iprediction.h" />
    <ClInclude Include="SDK\hl2_src\public\interpolatortypes.h" />
    <ClInclude Include="SDK\hl2_src\public\inetmessage.h" />
    <ClInclude Include="SDK\hl2_src\public\inetmsghandler.h" />
    <ClInclude Include="SDK\hl2_src\public\inetchannelinfo.h" />
    <ClInclude Include="SDK\hl2_src\public\inetchannel.h" />
    <ClInclude Include="SDK\hl2_src\public\imapoverview.h" />
    <ClInclude Include="SDK\hl2_src\public\IGameUIFuncs.h" />
    <ClInclude Include="SDK\hl2_src\public\igameevents.h" />
    <ClInclude Include="SDK\hl2_src\public\ifilelist.h" />
    <ClInclude Include="SDK\hl2_src\public\iachievementmgr.h" />
    <ClInclude Include="SDK\hl2_src\public\globalvars_base.h" />
    <ClInclude Include="SDK\hl2_src\public\gametrace.h" />
    <ClInclude Include="SDK\hl2_src\public\cmodel.h" />
    <ClInclude Include="SDK\hl2_src\public\bspflags.h" />
    <ClInclude Include="SDK\hl2_src\public\gamebspfile.h" />
    <ClInclude Include="SDK\hl2_src\public\event_flags.h" />
    <ClInclude Include="SDK\hl2_src\public\dt_common.h" />
    <ClInclude Include="SDK\hl2_src\public\dt_recv.h" />
    <ClInclude Include="SDK\hl2_src\public\dt_utlvector_common.h" />
    <ClInclude Include="SDK\hl2_src\public\dlight.h" />
    <ClInclude Include="SDK\hl2_src\public\collisionutils.h" />
    <ClInclude Include="SDK\hl2_src\public\client_textmessage.h" />
    <ClInclude Include="SDK\hl2_src\public\client_class.h" />
    <ClInclude Include="SDK\hl2_src\public\cdll_int.h" />
    <ClInclude Include="SDK\hl2_src\public\bone_setup.h" />
    <ClInclude Include="SDK\hl2_src\public\tier1\utlmultilist.h" />
    <ClInclude Include="SDK\hl2_src\public\tier1\datamanager.h" />
    <ClInclude Include="SDK\hl2_src\public\bone_accessor.h" />
    <ClInclude Include="SDK\hl2_src\public\BitmapFontFile.h" />
    <ClInclude Include="SDK\hl2_src\public\list.h" />
    <ClInclude Include="SDK\hl2_src\public\arraystack.h" />
    <ClInclude Include="SDK\hl2_src\game\client\c_baseentity.h" />
    <ClInclude Include="SDK\hl2_src\game\shared\ehandle.h" />
    <ClInclude Include="SDK\hl2_src\game\client\c_baseanimating.h" />
    <ClInclude Include="SDK\hl2_src\game\client\c_baseanimatingoverlay.h" />
    <ClInclude Include="SDK\hl2_src\game\client\c_baseflex.h" />
    <ClInclude Include="SDK\hl2_src\game\client\c_basecombatcharacter.h" />
    <ClInclude Include="SDK\hl2_src\game\shared\shareddefs.h" />
    <ClInclude Include="SDK\hl2_src\game\client\c_basedoor.h" />
    <ClInclude Include="SDK\hl2_src\game\shared\basecombatweapon_shared.h" />
    <ClInclude Include="SDK\hl2_src\game\shared\econ\econ_entity.h" />
    <ClInclude Include="SDK\hl2_src\game\shared\econ\ihasattributes.h" />
    <ClInclude Include="SDK\hl2_src\game\shared\econ\ihasowner.h" />
    <ClInclude Include="SDK\hl2_src\game\shared\tf\tf_weaponbase.h" />
    <ClInclude Include="SDK\hl2_src\game\shared\GameEventListener.h" />
    <ClInclude Include="SDK\hl2_src\game\shared\tf\tf_item_constants.h" />
    <ClInclude Include="SDK\hl2_src\game\client\c_baseplayer.h" />
    <ClInclude Include="SDK\hl2_src\game\shared\imovehelper.h" />
    <ClInclude Include="SDK\hl2_src\game\shared\in_buttons.h" />
    <ClInclude Include="SDK\hl2_src\game\shared\usercmd.h" />
    <ClInclude Include="SDK\hl2_src\game\client\tf\c_tf_mvm_boss_progress_user.h" />
    <ClInclude Include="SDK\hl2_src\game\client\tf\c_tf_player.h" />
    <ClInclude Include="SDK\hl2_src\game\shared\hintsystem.h" />
    <ClInclude Include="SDK\hl2_src\game\shared\tf\ihasbuildpoints.h" />
    <ClInclude Include="SDK\hl2_src\game\client\tf\c_baseobject.h" />
    <ClInclude Include="SDK\hl2_src\game\client\tf\c_obj_dispenser.h" />
    <ClInclude Include="SDK\hl2_src\game\client\tf\c_obj_teleporter.h" />
    <ClInclude Include="SDK\hl2_src\game\shared\tf\tf_shareddefs.h" />
    <ClInclude Include="SDK\hl2_src\game\shared\tf\tf_matchmaking_shared.h" />
    <ClInclude Include="SDK\hl2_src\game\shared\mp_shareddefs.h" />
    <ClInclude Include="SDK\hl2_src\game\client\tf\c_obj_sentrygun.h" />
    <ClInclude Include="SDK\hl2_src\game\client\tf\c_tf_ammo_pack.h" />
    <ClInclude Include="SDK\hl2_src\game\client\tf\c_entity_currencypack.h" />
    <ClInclude Include="SDK\hl2_src\game\client\tf\c_func_capture_zone.h" />
    <ClInclude Include="SDK\hl2_src\game\shared\util_shared.h" />
    <ClInclude Include="SDK\hl2_src\game\client\cl_animevent.h" />
    <ClInclude Include="SDK\hl2_src\game\client\c_ai_basenpc.h" />
    <ClInclude Include="SDK\hl2_src\game\client\tf\halloween\c_eyeball_boss.h" />
    <ClInclude Include="SDK\hl2_src\game\client\tf\halloween\c_headless_hatman.h" />
    <ClInclude Include="SDK\hl2_src\game\client\tf\halloween\c_merasmus.h" />
    <ClInclude Include="SDK\hl2_src\game\client\tf\halloween\c_merasmus_dancer.h" />
    <ClInclude Include="SDK\hl2_src\game\client\tf\halloween\c_zombie.h" />
    <ClInclude Include="SDK\hl2_src\game\client\tf\bot_npc\map_entities\c_tf_bot_hint_engineer_nest.h" />
    <ClInclude Include="SDK\hl2_src\game\client\tf\bot_npc\c_bot_npc.h" />
    <ClInclude Include="SDK\hl2_src\game\client\tf\bot_npc\c_bot_npc_minion.h" />
    <ClInclude Include="SDK\hl2_src\game\client\tf\player_vs_environment\c_boss_alpha.h" />
    <ClInclude Include="SDK\hl2_src\game\client\tf\player_vs_environment\c_tf_base_boss.h" />
    <ClInclude Include="SDK\hl2_src\game\client\NextBot\C_NextBot.h" />
    <ClInclude Include="SDK\hl2_src\game\client\tf\player_vs_environment\c_tf_tank_boss.h" />
    <ClInclude Include="SDK\hl2_src\game\client\tf\player_vs_environment\c_tf_upgrades.h" />
    <ClInclude Include="SDK\hl2_src\game\client\tf\workshop\item_import.h" />
    <ClInclude Include="SDK\hl2_src\game\shared\igamemovement.h" />
    <ClInclude Include="SDK\hl2_src\game\shared\iplayeranimstate.h" />
    <ClInclude Include="SDK\hl2_src\game\shared\IVehicle.h" />
    <ClInclude Include="SDK\hl2_src\game\shared\mapdata_shared.h" />
    <ClInclude Include="SDK\hl2_src\game\shared\movetype_push.h" />
    <ClInclude Include="SDK\hl2_src\game\shared\npcevent.h" />
    <ClInclude Include="SDK\hl2_src\game\shared\triggers_shared.h" />
    <ClInclude Include="SDK\hl2_src\game\shared\weapon_parse.h" />
    <ClInclude Include="SDK\hl2_src\common\GameUI\IGameUI.h" />
    <ClInclude Include="SDK\hl2_src\common\GameUI\IGameConsole.h" />
    <ClInclude Include="SDK\hl2_src\common\GameUI\Random.h" />
    <ClInclude Include="SDK\hl2_src\common\engine_launcher_api.h" />
    <ClInclude Include="SDK\hl2_src\common\igameserverdata.h" />
    <ClInclude Include="SDK\hl2_src\common\info_key.h" />
    <ClInclude Include="SDK\hl2_src\common\IRunGameEngine.h" />
    <ClInclude Include="SDK\hl2_src\common\IVGuiModuleLoader.h" />
    <ClInclude Include="SDK\hl2_src\common\qlimits.h" />
    <ClInclude Include="SDK\hl2_src\common\ValveCDKeyGameAndTerritoryCodes.h" />
    <ClInclude Include="SDK\SDK.h" />
    <ClInclude Include="SDK\Globals\Globals.h" />
    <ClInclude Include="SDK\ConVars\ConVars.h" />
    <ClInclude Include="Hooks\Client\Client.h" />
    <ClInclude Include="Hooks\ClientMode\ClientMode.h" />
    <ClInclude Include="Hooks\ClientPrediction\ClientPrediction.h" />
    <ClInclude Include="SDK\hl2_src\public\vstdlib\vstdlib.h" />
    <ClInclude Include="SDK\hl2_src\public\vstdlib\random.h" />
    <ClInclude Include="SDK\hl2_src\game\client\prediction.h" />
    <ClInclude Include="SDK\hl2_src\public\ivrenderview.h" />
    <ClInclude Include="SDK\hl2_src\game\client\iclientmode.h" />
    <ClInclude Include="SDK\hl2_src\game\client\clientmode_shared.h" />
    <ClInclude Include="SDK\hl2_src\game\client\iviewrender.h" />
    <ClInclude Include="SDK\hl2_src\game\client\hud_basechat.h" />
    <ClInclude Include="SDK\hl2_src\game\client\hudelement.h" />
    <ClInclude Include="SDK\hl2_src\game\client\hud.h" />
    <ClInclude Include="SDK\hl2_src\public\vgui_controls\PHandle.h" />
    <ClInclude Include="SDK\hl2_src\public\vgui_controls\FocusNavGroup.h" />
    <ClInclude Include="Hooks\EngineVGui\EngineVGui.h" />
    <ClInclude Include="Features\ESP\ESP.h" />
    <ClInclude Include="SDK\hl2_src\game\client\cdll_util.h" />
    <ClInclude Include="SDK\hl2_src\game\client\view_scene.h" />
    <ClInclude Include="SDK\hl2_src\public\gcsdk\gcclient_sharedobjectcache.h" />
    <ClInclude Include="SDK\hl2_src\public\gcsdk\sharedobject.h" />
    <ClInclude Include="SDK\hl2_src\public\gcsdk\sharedobjectcache.h" />
    <ClInclude Include="SDK\hl2_src\game\shared\econ\econ_item_inventory.h" />
    <ClInclude Include="SDK\hl2_src\public\mathlib\aabb.h" />
    <ClInclude Include="SDK\hl2_src\public\mathlib\camera.h" />
    <ClInclude Include="Features\Misc\Misc.h" />
    <ClInclude Include="Features\Prediction\Prediction.h" />
    <ClInclude Include="Hooks\ClientEntityList\ClientEntityList.h" />
    <ClInclude Include="SDK\DrawManager\DrawManager.h" />
    <ClInclude Include="Hooks\VGuiPanel\VGuiPanel.h" />
    <ClInclude Include="Hooks\EngineClient\EngineClient.h" />
    <ClInclude Include="Hooks\SequenceTransitioner\SequenceTransitioner.h" />
    <ClInclude Include="Hooks\WndProc\WndProc.h" />
    <ClInclude Include="SDK\hl2_src\public\tier1\KeyValues.h" />
    <ClInclude Include="SDK\hl2_src\game\client\glow_outline_effect.h" />
    <ClInclude Include="Hooks\ViewRender\ViewRender.h" />
    <ClInclude Include="Hooks\ModelRender\ModelRender.h" />
    <ClInclude Include="Hooks\CL_Main\CL_Main.h" />
    <ClInclude Include="SDK\hl2_src\game\client\iinput.h" />
    <ClInclude Include="SDK\hl2_src\game\client\kbutton.h" />
    <ClInclude Include="SDK\hl2_src\game\client\input.h" />
    <ClInclude Include="Hooks\Input\HInput.h" />
    <ClInclude Include="SDK\hl2_src\common\protocol.h" />
    <ClInclude Include="SDK\hl2_src\engine\client.h" />
    <ClInclude Include="SDK\hl2_src\common\netmessages.h" />
    <ClInclude Include="SDK\hl2_src\engine\net.h" />
    <ClInclude Include="Hooks\NetChannel\NetChannel.h" />
    <ClInclude Include="SDK\hl2_src\engine\net_chan.h" />
    <ClInclude Include="SDK\hl2_src\game\shared\ai_activity.h" />
    <ClInclude Include="SDK\hl2_src\game\client\c_team.h" />
    <ClInclude Include="Hooks\TFWeaponBase\TFWeaponBase.h" />
    <ClInclude Include="Hooks\TFPlayer\TFPlayer.h" />
    <ClInclude Include="Hooks\BaseEntity\BaseEntity.h" />
    <ClInclude Include="Hooks\BasePlayer\BasePlayer.h" />
  </ItemGroup>
  <ItemGroup>
    <Text Include="SDK\hl2_src\game\server\base.txt" />
  </ItemGroup>
</Project>